
Microsoft Visual Studio Solution File, Format Version 12.00
# Visual Studio Version 17
VisualStudioVersion = 17.6.33829.357
MinimumVisualStudioVersion = 10.0.40219.1
Project("{FAE04EC0-301F-11D3-BF4B-00C04F79EFBC}") = "KlinikSystemet", "KlinikSystemet\KlinikSystemet.csproj", "{99C9E82C-C594-446D-AA59-8FFBC43AD226}"
EndProject
Project("{2150E333-8FDC-42A3-9474-1A3956D46DE8}") = "Modules", "Modules", "{A9DCF38E-FE41-466C-995A-04C8977F4E22}"
EndProject
Project("{FAE04EC0-301F-11D3-BF4B-00C04F79EFBC}") = "PatientModule", "KlinikSystemet\Modules\Patient\PatientModule.csproj", "{AB8B448C-DD74-4D60-A041-3E5D03A32180}"
EndProject
Project("{FAE04EC0-301F-11D3-BF4B-00C04F79EFBC}") = "Models", "Models\Models.csproj", "{F0F5B7C3-D72B-42B9-8230-1EAB911C9120}"
EndProject
Project("{FAE04EC0-301F-11D3-BF4B-00C04F79EFBC}") = "CalendarModule", "CalenderModule\CalendarModule.csproj", "{807B239A-E4F8-4F96-8A2C-04C30269EBF7}"
EndProject
Project("{FAE04EC0-301F-11D3-BF4B-00C04F79EFBC}") = "JournalModule", "JournalModule\JournalModule.csproj", "{9AC79B70-F62D-4298-9DA7-DAD21314FF93}"
EndProject
Project("{FAE04EC0-301F-11D3-BF4B-00C04F79EFBC}") = "DAL", "DAL\DAL.csproj", "{97843663-FC83-492F-9418-97DF69ED2EB7}"
EndProject
Project("{FAE04EC0-301F-11D3-BF4B-00C04F79EFBC}") = "FrontPageModule", "FrontPageModule\FrontPageModule.csproj", "{41C4E381-B983-452B-8DA1-B97864B9BE8C}"
EndProject
Project("{2150E333-8FDC-42A3-9474-1A3956D46DE8}") = "InfraStructure", "InfraStructure", "{80F834C8-733B-45E7-A94E-108FC4E22AB7}"
EndProject
Project("{FAE04EC0-301F-11D3-BF4B-00C04F79EFBC}") = "InfraStructure", "InfraStructure\InfraStructure.csproj", "{0BBF25BD-546B-4529-98F8-B8A6B463627C}"
EndProject
Project("{FAE04EC0-301F-11D3-BF4B-00C04F79EFBC}") = "GetDoctorData", "GetDoctorData\GetDoctorData.csproj", "{5D56A50F-9B0D-4234-BFDB-3D246A81B7E5}"
EndProject
Project("{FAE04EC0-301F-11D3-BF4B-00C04F79EFBC}") = "CashRegisterModule", "CashRegisterModule\CashRegisterModule.csproj", "{D0AE386A-AE82-478E-ACD6-D2EF805FBE24}"
EndProject
Project("{FAE04EC0-301F-11D3-BF4B-00C04F79EFBC}") = "EdiFact", "EdiFact\EdiFact.csproj", "{E5EAA4BB-1EDB-4896-8A35-03733B56214D}"
EndProject
Project("{FAE04EC0-301F-11D3-BF4B-00C04F79EFBC}") = "ProductsModule", "ProductsModule\ProductsModule.csproj", "{1C6AA4EF-4A3E-460E-A10C-926923C4095E}"
EndProject
Project("{FAE04EC0-301F-11D3-BF4B-00C04F79EFBC}") = "SettingsModule", "SettingsModule\SettingsModule.csproj", "{C2FF45A3-2EDF-4B72-A67A-ECBED63AEE6C}"
EndProject
Project("{FAE04EC0-301F-11D3-BF4B-00C04F79EFBC}") = "DatabaseEncryption", "DatabaseEncryption\DatabaseEncryption.csproj", "{3661446F-94E8-4F58-BDE8-729388525317}"
EndProject
Project("{FAE04EC0-301F-11D3-BF4B-00C04F79EFBC}") = "JournalChiropracticModule", "JoutnalChiropracticModule\JournalChiropracticModule.csproj", "{651EB244-3EFA-487C-8D6B-60B7DC189501}"
EndProject
Project("{FAE04EC0-301F-11D3-BF4B-00C04F79EFBC}") = "JournalReflexModule", "JournalReflex\JournalReflexModule.csproj", "{B3CB8908-AE3F-49C6-80AF-A778E3CCB4A5}"
EndProject
Project("{FAE04EC0-301F-11D3-BF4B-00C04F79EFBC}") = "JournalMassageModule", "JournalMassageModule\JournalMassageModule.csproj", "{8815839B-D705-4598-9487-01C7B9184714}"
EndProject
Project("{FAE04EC0-301F-11D3-BF4B-00C04F79EFBC}") = "JournalAcupunctureModule", "JournalAcupunctureModule\JournalAcupunctureModule.csproj", "{EDB0459A-B041-4ACA-A186-39859713F5C2}"
EndProject
Project("{FAE04EC0-301F-11D3-BF4B-00C04F79EFBC}") = "JournalBiopathicModule", "JournalBiopathicModule\JournalBiopathicModule.csproj", "{FC529E27-E6EC-4B24-ABC6-0074806FD022}"
EndProject
Project("{FAE04EC0-301F-11D3-BF4B-00C04F79EFBC}") = "JournalBodySDSModule", "JournalBodySDSModule\JournalBodySDSModule.csproj", "{13405AD8-FDE4-4104-800D-CD5D874E839D}"
EndProject
Project("{FAE04EC0-301F-11D3-BF4B-00C04F79EFBC}") = "JournalColumnaTherapy", "JournalColumnaTherapy\JournalColumnaTherapy.csproj", "{FA454A1A-E626-4883-86C8-DC07D61F754A}"
EndProject
Project("{FAE04EC0-301F-11D3-BF4B-00C04F79EFBC}") = "JournalEFTMRModule", "JournalEFTMRModule\JournalEFTMRModule.csproj", "{995DACE5-2249-42C8-9171-D7ACC24B33D7}"
EndProject
Project("{FAE04EC0-301F-11D3-BF4B-00C04F79EFBC}") = "JournalKinesiologyModule", "JournalKinesiologyModule\JournalKinesiologyModule.csproj", "{945BB4AA-CCD4-4667-8221-88888E9FFF09}"
EndProject
Project("{FAE04EC0-301F-11D3-BF4B-00C04F79EFBC}") = "JournalCranioSacral", "JournalCranioSacral\JournalCranioSacral.csproj", "{040F7ED6-E948-4AC8-B1C9-F524F9406D77}"
EndProject
Project("{FAE04EC0-301F-11D3-BF4B-00C04F79EFBC}") = "JournalPhyto", "JournalPhyto\JournalPhyto.csproj", "{0EF2F66C-E278-41FE-8422-5AF8A42A79BE}"
EndProject
Project("{FAE04EC0-301F-11D3-BF4B-00C04F79EFBC}") = "JournalStructuralIntegrationModule", "JournalStructuralIntegrationModule\JournalStructuralIntegrationModule.csproj", "{4F668915-1E04-444B-8778-1B879A6CC23E}"
EndProject
Project("{FAE04EC0-301F-11D3-BF4B-00C04F79EFBC}") = "JournalHerbalModule", "JournalHerbalModule\JournalHerbalModule.csproj", "{26ECBDAF-7CAC-4823-BEBC-A6F86762B539}"
EndProject
Project("{FAE04EC0-301F-11D3-BF4B-00C04F79EFBC}") = "LanguagesResources", "LanguagesResources\LanguagesResources.csproj", "{F4743835-77FF-47B2-B0A5-DBE5A004E54B}"
EndProject
Project("{FAE04EC0-301F-11D3-BF4B-00C04F79EFBC}") = "DanmarkApiDemo", "DanmarkApiDemo\DanmarkApiDemo.csproj", "{B45EB492-67B6-4035-B58E-9DB399564B4F}"
EndProject
Project("{FAE04EC0-301F-11D3-BF4B-00C04F79EFBC}") = "AccountingServices", "AccountingServices\AccountingServices.csproj", "{B50ABB8D-4AFC-4C7F-A8F3-B195038972BD}"
EndProject
Project("{FAE04EC0-301F-11D3-BF4B-00C04F79EFBC}") = "XamlResourceExtractor", "XamlResourceExtractor\XamlResourceExtractor.csproj", "{DBB3B6C3-5439-4F14-9640-1ED51DA56C6E}"
EndProject
Global
	GlobalSection(SolutionConfigurationPlatforms) = preSolution
		Debug|Any CPU = Debug|Any CPU
		Debug|x86 = Debug|x86
		Release|Any CPU = Release|Any CPU
		Release|x86 = Release|x86
	EndGlobalSection
	GlobalSection(ProjectConfigurationPlatforms) = postSolution
		{99C9E82C-C594-446D-AA59-8FFBC43AD226}.Debug|Any CPU.ActiveCfg = Debug|x86
		{99C9E82C-C594-446D-AA59-8FFBC43AD226}.Debug|Any CPU.Build.0 = Debug|x86
		{99C9E82C-C594-446D-AA59-8FFBC43AD226}.Debug|x86.ActiveCfg = Debug|x86
		{99C9E82C-C594-446D-AA59-8FFBC43AD226}.Debug|x86.Build.0 = Debug|x86
		{99C9E82C-C594-446D-AA59-8FFBC43AD226}.Release|Any CPU.ActiveCfg = Release|Any CPU
		{99C9E82C-C594-446D-AA59-8FFBC43AD226}.Release|Any CPU.Build.0 = Release|Any CPU
		{99C9E82C-C594-446D-AA59-8FFBC43AD226}.Release|x86.ActiveCfg = Release|x86
		{99C9E82C-C594-446D-AA59-8FFBC43AD226}.Release|x86.Build.0 = Release|x86
		{AB8B448C-DD74-4D60-A041-3E5D03A32180}.Debug|Any CPU.ActiveCfg = Debug|x86
		{AB8B448C-DD74-4D60-A041-3E5D03A32180}.Debug|Any CPU.Build.0 = Debug|x86
		{AB8B448C-DD74-4D60-A041-3E5D03A32180}.Debug|x86.ActiveCfg = Debug|x86
		{AB8B448C-DD74-4D60-A041-3E5D03A32180}.Debug|x86.Build.0 = Debug|x86
		{AB8B448C-DD74-4D60-A041-3E5D03A32180}.Release|Any CPU.ActiveCfg = Release|Any CPU
		{AB8B448C-DD74-4D60-A041-3E5D03A32180}.Release|Any CPU.Build.0 = Release|Any CPU
		{AB8B448C-DD74-4D60-A041-3E5D03A32180}.Release|x86.ActiveCfg = Release|x86
		{AB8B448C-DD74-4D60-A041-3E5D03A32180}.Release|x86.Build.0 = Release|x86
		{F0F5B7C3-D72B-42B9-8230-1EAB911C9120}.Debug|Any CPU.ActiveCfg = Debug|x86
		{F0F5B7C3-D72B-42B9-8230-1EAB911C9120}.Debug|Any CPU.Build.0 = Debug|x86
		{F0F5B7C3-D72B-42B9-8230-1EAB911C9120}.Debug|x86.ActiveCfg = Debug|x86
		{F0F5B7C3-D72B-42B9-8230-1EAB911C9120}.Debug|x86.Build.0 = Debug|x86
		{F0F5B7C3-D72B-42B9-8230-1EAB911C9120}.Release|Any CPU.ActiveCfg = Release|Any CPU
		{F0F5B7C3-D72B-42B9-8230-1EAB911C9120}.Release|Any CPU.Build.0 = Release|Any CPU
		{F0F5B7C3-D72B-42B9-8230-1EAB911C9120}.Release|x86.ActiveCfg = Release|x86
		{F0F5B7C3-D72B-42B9-8230-1EAB911C9120}.Release|x86.Build.0 = Release|x86
		{807B239A-E4F8-4F96-8A2C-04C30269EBF7}.Debug|Any CPU.ActiveCfg = Debug|x86
		{807B239A-E4F8-4F96-8A2C-04C30269EBF7}.Debug|Any CPU.Build.0 = Debug|x86
		{807B239A-E4F8-4F96-8A2C-04C30269EBF7}.Debug|x86.ActiveCfg = Debug|x86
		{807B239A-E4F8-4F96-8A2C-04C30269EBF7}.Debug|x86.Build.0 = Debug|x86
		{807B239A-E4F8-4F96-8A2C-04C30269EBF7}.Release|Any CPU.ActiveCfg = Release|Any CPU
		{807B239A-E4F8-4F96-8A2C-04C30269EBF7}.Release|Any CPU.Build.0 = Release|Any CPU
		{807B239A-E4F8-4F96-8A2C-04C30269EBF7}.Release|x86.ActiveCfg = Release|x86
		{807B239A-E4F8-4F96-8A2C-04C30269EBF7}.Release|x86.Build.0 = Release|x86
		{9AC79B70-F62D-4298-9DA7-DAD21314FF93}.Debug|Any CPU.ActiveCfg = Debug|x86
		{9AC79B70-F62D-4298-9DA7-DAD21314FF93}.Debug|Any CPU.Build.0 = Debug|x86
		{9AC79B70-F62D-4298-9DA7-DAD21314FF93}.Debug|x86.ActiveCfg = Debug|x86
		{9AC79B70-F62D-4298-9DA7-DAD21314FF93}.Debug|x86.Build.0 = Debug|x86
		{9AC79B70-F62D-4298-9DA7-DAD21314FF93}.Release|Any CPU.ActiveCfg = Release|Any CPU
		{9AC79B70-F62D-4298-9DA7-DAD21314FF93}.Release|Any CPU.Build.0 = Release|Any CPU
		{9AC79B70-F62D-4298-9DA7-DAD21314FF93}.Release|x86.ActiveCfg = Release|x86
		{9AC79B70-F62D-4298-9DA7-DAD21314FF93}.Release|x86.Build.0 = Release|x86
		{97843663-FC83-492F-9418-97DF69ED2EB7}.Debug|Any CPU.ActiveCfg = Debug|x86
		{97843663-FC83-492F-9418-97DF69ED2EB7}.Debug|Any CPU.Build.0 = Debug|x86
		{97843663-FC83-492F-9418-97DF69ED2EB7}.Debug|x86.ActiveCfg = Debug|x86
		{97843663-FC83-492F-9418-97DF69ED2EB7}.Debug|x86.Build.0 = Debug|x86
		{97843663-FC83-492F-9418-97DF69ED2EB7}.Release|Any CPU.ActiveCfg = Release|Any CPU
		{97843663-FC83-492F-9418-97DF69ED2EB7}.Release|Any CPU.Build.0 = Release|Any CPU
		{97843663-FC83-492F-9418-97DF69ED2EB7}.Release|x86.ActiveCfg = Release|x86
		{97843663-FC83-492F-9418-97DF69ED2EB7}.Release|x86.Build.0 = Release|x86
		{41C4E381-B983-452B-8DA1-B97864B9BE8C}.Debug|Any CPU.ActiveCfg = Debug|x86
		{41C4E381-B983-452B-8DA1-B97864B9BE8C}.Debug|Any CPU.Build.0 = Debug|x86
		{41C4E381-B983-452B-8DA1-B97864B9BE8C}.Debug|x86.ActiveCfg = Debug|x86
		{41C4E381-B983-452B-8DA1-B97864B9BE8C}.Debug|x86.Build.0 = Debug|x86
		{41C4E381-B983-452B-8DA1-B97864B9BE8C}.Release|Any CPU.ActiveCfg = Release|Any CPU
		{41C4E381-B983-452B-8DA1-B97864B9BE8C}.Release|Any CPU.Build.0 = Release|Any CPU
		{41C4E381-B983-452B-8DA1-B97864B9BE8C}.Release|x86.ActiveCfg = Release|x86
		{41C4E381-B983-452B-8DA1-B97864B9BE8C}.Release|x86.Build.0 = Release|x86
		{0BBF25BD-546B-4529-98F8-B8A6B463627C}.Debug|Any CPU.ActiveCfg = Debug|x86
		{0BBF25BD-546B-4529-98F8-B8A6B463627C}.Debug|Any CPU.Build.0 = Debug|x86
		{0BBF25BD-546B-4529-98F8-B8A6B463627C}.Debug|x86.ActiveCfg = Debug|x86
		{0BBF25BD-546B-4529-98F8-B8A6B463627C}.Debug|x86.Build.0 = Debug|x86
		{0BBF25BD-546B-4529-98F8-B8A6B463627C}.Release|Any CPU.ActiveCfg = Release|Any CPU
		{0BBF25BD-546B-4529-98F8-B8A6B463627C}.Release|Any CPU.Build.0 = Release|Any CPU
		{0BBF25BD-546B-4529-98F8-B8A6B463627C}.Release|x86.ActiveCfg = Release|x86
		{0BBF25BD-546B-4529-98F8-B8A6B463627C}.Release|x86.Build.0 = Release|x86
		{5D56A50F-9B0D-4234-BFDB-3D246A81B7E5}.Debug|Any CPU.ActiveCfg = Debug|x86
		{5D56A50F-9B0D-4234-BFDB-3D246A81B7E5}.Debug|Any CPU.Build.0 = Debug|x86
		{5D56A50F-9B0D-4234-BFDB-3D246A81B7E5}.Debug|x86.ActiveCfg = Debug|x86
		{5D56A50F-9B0D-4234-BFDB-3D246A81B7E5}.Debug|x86.Build.0 = Debug|x86
		{5D56A50F-9B0D-4234-BFDB-3D246A81B7E5}.Release|Any CPU.ActiveCfg = Release|Any CPU
		{5D56A50F-9B0D-4234-BFDB-3D246A81B7E5}.Release|Any CPU.Build.0 = Release|Any CPU
		{5D56A50F-9B0D-4234-BFDB-3D246A81B7E5}.Release|x86.ActiveCfg = Release|x86
		{5D56A50F-9B0D-4234-BFDB-3D246A81B7E5}.Release|x86.Build.0 = Release|x86
		{D0AE386A-AE82-478E-ACD6-D2EF805FBE24}.Debug|Any CPU.ActiveCfg = Debug|x86
		{D0AE386A-AE82-478E-ACD6-D2EF805FBE24}.Debug|Any CPU.Build.0 = Debug|x86
		{D0AE386A-AE82-478E-ACD6-D2EF805FBE24}.Debug|x86.ActiveCfg = Debug|x86
		{D0AE386A-AE82-478E-ACD6-D2EF805FBE24}.Debug|x86.Build.0 = Debug|x86
		{D0AE386A-AE82-478E-ACD6-D2EF805FBE24}.Release|Any CPU.ActiveCfg = Release|Any CPU
		{D0AE386A-AE82-478E-ACD6-D2EF805FBE24}.Release|Any CPU.Build.0 = Release|Any CPU
		{D0AE386A-AE82-478E-ACD6-D2EF805FBE24}.Release|x86.ActiveCfg = Release|x86
		{D0AE386A-AE82-478E-ACD6-D2EF805FBE24}.Release|x86.Build.0 = Release|x86
		{E5EAA4BB-1EDB-4896-8A35-03733B56214D}.Debug|Any CPU.ActiveCfg = Debug|x86
		{E5EAA4BB-1EDB-4896-8A35-03733B56214D}.Debug|Any CPU.Build.0 = Debug|x86
		{E5EAA4BB-1EDB-4896-8A35-03733B56214D}.Debug|x86.ActiveCfg = Debug|x86
		{E5EAA4BB-1EDB-4896-8A35-03733B56214D}.Debug|x86.Build.0 = Debug|x86
		{E5EAA4BB-1EDB-4896-8A35-03733B56214D}.Release|Any CPU.ActiveCfg = Release|Any CPU
		{E5EAA4BB-1EDB-4896-8A35-03733B56214D}.Release|Any CPU.Build.0 = Release|Any CPU
		{E5EAA4BB-1EDB-4896-8A35-03733B56214D}.Release|x86.ActiveCfg = Release|x86
		{E5EAA4BB-1EDB-4896-8A35-03733B56214D}.Release|x86.Build.0 = Release|x86
		{1C6AA4EF-4A3E-460E-A10C-926923C4095E}.Debug|Any CPU.ActiveCfg = Debug|x86
		{1C6AA4EF-4A3E-460E-A10C-926923C4095E}.Debug|Any CPU.Build.0 = Debug|x86
		{1C6AA4EF-4A3E-460E-A10C-926923C4095E}.Debug|x86.ActiveCfg = Debug|x86
		{1C6AA4EF-4A3E-460E-A10C-926923C4095E}.Debug|x86.Build.0 = Debug|x86
		{1C6AA4EF-4A3E-460E-A10C-926923C4095E}.Release|Any CPU.ActiveCfg = Release|Any CPU
		{1C6AA4EF-4A3E-460E-A10C-926923C4095E}.Release|Any CPU.Build.0 = Release|Any CPU
		{1C6AA4EF-4A3E-460E-A10C-926923C4095E}.Release|x86.ActiveCfg = Release|x86
		{1C6AA4EF-4A3E-460E-A10C-926923C4095E}.Release|x86.Build.0 = Release|x86
		{C2FF45A3-2EDF-4B72-A67A-ECBED63AEE6C}.Debug|Any CPU.ActiveCfg = Debug|x86
		{C2FF45A3-2EDF-4B72-A67A-ECBED63AEE6C}.Debug|Any CPU.Build.0 = Debug|x86
		{C2FF45A3-2EDF-4B72-A67A-ECBED63AEE6C}.Debug|x86.ActiveCfg = Debug|x86
		{C2FF45A3-2EDF-4B72-A67A-ECBED63AEE6C}.Debug|x86.Build.0 = Debug|x86
		{C2FF45A3-2EDF-4B72-A67A-ECBED63AEE6C}.Release|Any CPU.ActiveCfg = Release|Any CPU
		{C2FF45A3-2EDF-4B72-A67A-ECBED63AEE6C}.Release|Any CPU.Build.0 = Release|Any CPU
		{C2FF45A3-2EDF-4B72-A67A-ECBED63AEE6C}.Release|x86.ActiveCfg = Release|x86
		{C2FF45A3-2EDF-4B72-A67A-ECBED63AEE6C}.Release|x86.Build.0 = Release|x86
		{3661446F-94E8-4F58-BDE8-729388525317}.Debug|Any CPU.ActiveCfg = Debug|x86
		{3661446F-94E8-4F58-BDE8-729388525317}.Debug|Any CPU.Build.0 = Debug|x86
		{3661446F-94E8-4F58-BDE8-729388525317}.Debug|x86.ActiveCfg = Debug|x86
		{3661446F-94E8-4F58-BDE8-729388525317}.Debug|x86.Build.0 = Debug|x86
		{3661446F-94E8-4F58-BDE8-729388525317}.Release|Any CPU.ActiveCfg = Release|Any CPU
		{3661446F-94E8-4F58-BDE8-729388525317}.Release|Any CPU.Build.0 = Release|Any CPU
		{3661446F-94E8-4F58-BDE8-729388525317}.Release|x86.ActiveCfg = Release|Any CPU
		{3661446F-94E8-4F58-BDE8-729388525317}.Release|x86.Build.0 = Release|Any CPU
		{651EB244-3EFA-487C-8D6B-60B7DC189501}.Debug|Any CPU.ActiveCfg = Debug|x86
		{651EB244-3EFA-487C-8D6B-60B7DC189501}.Debug|Any CPU.Build.0 = Debug|x86
		{651EB244-3EFA-487C-8D6B-60B7DC189501}.Debug|x86.ActiveCfg = Debug|x86
		{651EB244-3EFA-487C-8D6B-60B7DC189501}.Debug|x86.Build.0 = Debug|x86
		{651EB244-3EFA-487C-8D6B-60B7DC189501}.Release|Any CPU.ActiveCfg = Release|Any CPU
		{651EB244-3EFA-487C-8D6B-60B7DC189501}.Release|Any CPU.Build.0 = Release|Any CPU
		{651EB244-3EFA-487C-8D6B-60B7DC189501}.Release|x86.ActiveCfg = Release|Any CPU
		{651EB244-3EFA-487C-8D6B-60B7DC189501}.Release|x86.Build.0 = Release|Any CPU
		{B3CB8908-AE3F-49C6-80AF-A778E3CCB4A5}.Debug|Any CPU.ActiveCfg = Debug|x86
		{B3CB8908-AE3F-49C6-80AF-A778E3CCB4A5}.Debug|Any CPU.Build.0 = Debug|x86
		{B3CB8908-AE3F-49C6-80AF-A778E3CCB4A5}.Debug|x86.ActiveCfg = Debug|x86
		{B3CB8908-AE3F-49C6-80AF-A778E3CCB4A5}.Debug|x86.Build.0 = Debug|x86
		{B3CB8908-AE3F-49C6-80AF-A778E3CCB4A5}.Release|Any CPU.ActiveCfg = Release|Any CPU
		{B3CB8908-AE3F-49C6-80AF-A778E3CCB4A5}.Release|Any CPU.Build.0 = Release|Any CPU
		{B3CB8908-AE3F-49C6-80AF-A778E3CCB4A5}.Release|x86.ActiveCfg = Release|Any CPU
		{B3CB8908-AE3F-49C6-80AF-A778E3CCB4A5}.Release|x86.Build.0 = Release|Any CPU
		{8815839B-D705-4598-9487-01C7B9184714}.Debug|Any CPU.ActiveCfg = Debug|x86
		{8815839B-D705-4598-9487-01C7B9184714}.Debug|Any CPU.Build.0 = Debug|x86
		{8815839B-D705-4598-9487-01C7B9184714}.Debug|x86.ActiveCfg = Debug|x86
		{8815839B-D705-4598-9487-01C7B9184714}.Debug|x86.Build.0 = Debug|x86
		{8815839B-D705-4598-9487-01C7B9184714}.Release|Any CPU.ActiveCfg = Release|Any CPU
		{8815839B-D705-4598-9487-01C7B9184714}.Release|Any CPU.Build.0 = Release|Any CPU
		{8815839B-D705-4598-9487-01C7B9184714}.Release|x86.ActiveCfg = Release|Any CPU
		{8815839B-D705-4598-9487-01C7B9184714}.Release|x86.Build.0 = Release|Any CPU
		{EDB0459A-B041-4ACA-A186-39859713F5C2}.Debug|Any CPU.ActiveCfg = Debug|x86
		{EDB0459A-B041-4ACA-A186-39859713F5C2}.Debug|Any CPU.Build.0 = Debug|x86
		{EDB0459A-B041-4ACA-A186-39859713F5C2}.Debug|x86.ActiveCfg = Debug|x86
		{EDB0459A-B041-4ACA-A186-39859713F5C2}.Debug|x86.Build.0 = Debug|x86
		{EDB0459A-B041-4ACA-A186-39859713F5C2}.Release|Any CPU.ActiveCfg = Release|Any CPU
		{EDB0459A-B041-4ACA-A186-39859713F5C2}.Release|Any CPU.Build.0 = Release|Any CPU
		{EDB0459A-B041-4ACA-A186-39859713F5C2}.Release|x86.ActiveCfg = Release|Any CPU
		{EDB0459A-B041-4ACA-A186-39859713F5C2}.Release|x86.Build.0 = Release|Any CPU
		{FC529E27-E6EC-4B24-ABC6-0074806FD022}.Debug|Any CPU.ActiveCfg = Debug|x86
		{FC529E27-E6EC-4B24-ABC6-0074806FD022}.Debug|Any CPU.Build.0 = Debug|x86
		{FC529E27-E6EC-4B24-ABC6-0074806FD022}.Debug|x86.ActiveCfg = Debug|x86
		{FC529E27-E6EC-4B24-ABC6-0074806FD022}.Debug|x86.Build.0 = Debug|x86
		{FC529E27-E6EC-4B24-ABC6-0074806FD022}.Release|Any CPU.ActiveCfg = Release|Any CPU
		{FC529E27-E6EC-4B24-ABC6-0074806FD022}.Release|Any CPU.Build.0 = Release|Any CPU
		{FC529E27-E6EC-4B24-ABC6-0074806FD022}.Release|x86.ActiveCfg = Release|Any CPU
		{FC529E27-E6EC-4B24-ABC6-0074806FD022}.Release|x86.Build.0 = Release|Any CPU
		{13405AD8-FDE4-4104-800D-CD5D874E839D}.Debug|Any CPU.ActiveCfg = Debug|x86
		{13405AD8-FDE4-4104-800D-CD5D874E839D}.Debug|Any CPU.Build.0 = Debug|x86
		{13405AD8-FDE4-4104-800D-CD5D874E839D}.Debug|x86.ActiveCfg = Debug|x86
		{13405AD8-FDE4-4104-800D-CD5D874E839D}.Debug|x86.Build.0 = Debug|x86
		{13405AD8-FDE4-4104-800D-CD5D874E839D}.Release|Any CPU.ActiveCfg = Release|Any CPU
		{13405AD8-FDE4-4104-800D-CD5D874E839D}.Release|Any CPU.Build.0 = Release|Any CPU
		{13405AD8-FDE4-4104-800D-CD5D874E839D}.Release|x86.ActiveCfg = Release|Any CPU
		{13405AD8-FDE4-4104-800D-CD5D874E839D}.Release|x86.Build.0 = Release|Any CPU
		{FA454A1A-E626-4883-86C8-DC07D61F754A}.Debug|Any CPU.ActiveCfg = Debug|x86
		{FA454A1A-E626-4883-86C8-DC07D61F754A}.Debug|Any CPU.Build.0 = Debug|x86
		{FA454A1A-E626-4883-86C8-DC07D61F754A}.Debug|x86.ActiveCfg = Debug|x86
		{FA454A1A-E626-4883-86C8-DC07D61F754A}.Debug|x86.Build.0 = Debug|x86
		{FA454A1A-E626-4883-86C8-DC07D61F754A}.Release|Any CPU.ActiveCfg = Release|Any CPU
		{FA454A1A-E626-4883-86C8-DC07D61F754A}.Release|Any CPU.Build.0 = Release|Any CPU
		{FA454A1A-E626-4883-86C8-DC07D61F754A}.Release|x86.ActiveCfg = Release|Any CPU
		{FA454A1A-E626-4883-86C8-DC07D61F754A}.Release|x86.Build.0 = Release|Any CPU
		{995DACE5-2249-42C8-9171-D7ACC24B33D7}.Debug|Any CPU.ActiveCfg = Debug|x86
		{995DACE5-2249-42C8-9171-D7ACC24B33D7}.Debug|Any CPU.Build.0 = Debug|x86
		{995DACE5-2249-42C8-9171-D7ACC24B33D7}.Debug|x86.ActiveCfg = Debug|x86
		{995DACE5-2249-42C8-9171-D7ACC24B33D7}.Debug|x86.Build.0 = Debug|x86
		{995DACE5-2249-42C8-9171-D7ACC24B33D7}.Release|Any CPU.ActiveCfg = Release|Any CPU
		{995DACE5-2249-42C8-9171-D7ACC24B33D7}.Release|Any CPU.Build.0 = Release|Any CPU
		{995DACE5-2249-42C8-9171-D7ACC24B33D7}.Release|x86.ActiveCfg = Release|Any CPU
		{995DACE5-2249-42C8-9171-D7ACC24B33D7}.Release|x86.Build.0 = Release|Any CPU
		{945BB4AA-CCD4-4667-8221-88888E9FFF09}.Debug|Any CPU.ActiveCfg = Debug|x86
		{945BB4AA-CCD4-4667-8221-88888E9FFF09}.Debug|Any CPU.Build.0 = Debug|x86
		{945BB4AA-CCD4-4667-8221-88888E9FFF09}.Debug|x86.ActiveCfg = Debug|x86
		{945BB4AA-CCD4-4667-8221-88888E9FFF09}.Debug|x86.Build.0 = Debug|x86
		{945BB4AA-CCD4-4667-8221-88888E9FFF09}.Release|Any CPU.ActiveCfg = Release|Any CPU
		{945BB4AA-CCD4-4667-8221-88888E9FFF09}.Release|Any CPU.Build.0 = Release|Any CPU
		{945BB4AA-CCD4-4667-8221-88888E9FFF09}.Release|x86.ActiveCfg = Release|Any CPU
		{945BB4AA-CCD4-4667-8221-88888E9FFF09}.Release|x86.Build.0 = Release|Any CPU
		{040F7ED6-E948-4AC8-B1C9-F524F9406D77}.Debug|Any CPU.ActiveCfg = Debug|x86
		{040F7ED6-E948-4AC8-B1C9-F524F9406D77}.Debug|Any CPU.Build.0 = Debug|x86
		{040F7ED6-E948-4AC8-B1C9-F524F9406D77}.Debug|x86.ActiveCfg = Debug|x86
		{040F7ED6-E948-4AC8-B1C9-F524F9406D77}.Debug|x86.Build.0 = Debug|x86
		{040F7ED6-E948-4AC8-B1C9-F524F9406D77}.Release|Any CPU.ActiveCfg = Release|Any CPU
		{040F7ED6-E948-4AC8-B1C9-F524F9406D77}.Release|Any CPU.Build.0 = Release|Any CPU
		{040F7ED6-E948-4AC8-B1C9-F524F9406D77}.Release|x86.ActiveCfg = Release|Any CPU
		{040F7ED6-E948-4AC8-B1C9-F524F9406D77}.Release|x86.Build.0 = Release|Any CPU
		{0EF2F66C-E278-41FE-8422-5AF8A42A79BE}.Debug|Any CPU.ActiveCfg = Debug|x86
		{0EF2F66C-E278-41FE-8422-5AF8A42A79BE}.Debug|Any CPU.Build.0 = Debug|x86
		{0EF2F66C-E278-41FE-8422-5AF8A42A79BE}.Debug|x86.ActiveCfg = Debug|x86
		{0EF2F66C-E278-41FE-8422-5AF8A42A79BE}.Debug|x86.Build.0 = Debug|x86
		{0EF2F66C-E278-41FE-8422-5AF8A42A79BE}.Release|Any CPU.ActiveCfg = Release|Any CPU
		{0EF2F66C-E278-41FE-8422-5AF8A42A79BE}.Release|Any CPU.Build.0 = Release|Any CPU
		{0EF2F66C-E278-41FE-8422-5AF8A42A79BE}.Release|x86.ActiveCfg = Release|Any CPU
		{0EF2F66C-E278-41FE-8422-5AF8A42A79BE}.Release|x86.Build.0 = Release|Any CPU
		{4F668915-1E04-444B-8778-1B879A6CC23E}.Debug|Any CPU.ActiveCfg = Debug|x86
		{4F668915-1E04-444B-8778-1B879A6CC23E}.Debug|Any CPU.Build.0 = Debug|x86
		{4F668915-1E04-444B-8778-1B879A6CC23E}.Debug|x86.ActiveCfg = Debug|x86
		{4F668915-1E04-444B-8778-1B879A6CC23E}.Debug|x86.Build.0 = Debug|x86
		{4F668915-1E04-444B-8778-1B879A6CC23E}.Release|Any CPU.ActiveCfg = Release|Any CPU
		{4F668915-1E04-444B-8778-1B879A6CC23E}.Release|Any CPU.Build.0 = Release|Any CPU
		{4F668915-1E04-444B-8778-1B879A6CC23E}.Release|x86.ActiveCfg = Release|Any CPU
		{4F668915-1E04-444B-8778-1B879A6CC23E}.Release|x86.Build.0 = Release|Any CPU
		{26ECBDAF-7CAC-4823-BEBC-A6F86762B539}.Debug|Any CPU.ActiveCfg = Debug|x86
		{26ECBDAF-7CAC-4823-BEBC-A6F86762B539}.Debug|Any CPU.Build.0 = Debug|x86
		{26ECBDAF-7CAC-4823-BEBC-A6F86762B539}.Debug|x86.ActiveCfg = Debug|x86
		{26ECBDAF-7CAC-4823-BEBC-A6F86762B539}.Debug|x86.Build.0 = Debug|x86
		{26ECBDAF-7CAC-4823-BEBC-A6F86762B539}.Release|Any CPU.ActiveCfg = Release|Any CPU
		{26ECBDAF-7CAC-4823-BEBC-A6F86762B539}.Release|Any CPU.Build.0 = Release|Any CPU
		{26ECBDAF-7CAC-4823-BEBC-A6F86762B539}.Release|x86.ActiveCfg = Release|Any CPU
		{26ECBDAF-7CAC-4823-BEBC-A6F86762B539}.Release|x86.Build.0 = Release|Any CPU
		{F4743835-77FF-47B2-B0A5-DBE5A004E54B}.Debug|Any CPU.ActiveCfg = Debug|Any CPU
		{F4743835-77FF-47B2-B0A5-DBE5A004E54B}.Debug|Any CPU.Build.0 = Debug|Any CPU
		{F4743835-77FF-47B2-B0A5-DBE5A004E54B}.Debug|x86.ActiveCfg = Debug|x86
		{F4743835-77FF-47B2-B0A5-DBE5A004E54B}.Debug|x86.Build.0 = Debug|x86
		{F4743835-77FF-47B2-B0A5-DBE5A004E54B}.Release|Any CPU.ActiveCfg = Release|Any CPU
		{F4743835-77FF-47B2-B0A5-DBE5A004E54B}.Release|Any CPU.Build.0 = Release|Any CPU
		{F4743835-77FF-47B2-B0A5-DBE5A004E54B}.Release|x86.ActiveCfg = Release|Any CPU
		{F4743835-77FF-47B2-B0A5-DBE5A004E54B}.Release|x86.Build.0 = Release|Any CPU
		{B45EB492-67B6-4035-B58E-9DB399564B4F}.Debug|Any CPU.ActiveCfg = Debug|Any CPU
		{B45EB492-67B6-4035-B58E-9DB399564B4F}.Debug|Any CPU.Build.0 = Debug|Any CPU
		{B45EB492-67B6-4035-B58E-9DB399564B4F}.Debug|x86.ActiveCfg = Debug|x86
		{B45EB492-67B6-4035-B58E-9DB399564B4F}.Debug|x86.Build.0 = Debug|x86
		{B45EB492-67B6-4035-B58E-9DB399564B4F}.Release|Any CPU.ActiveCfg = Release|Any CPU
		{B45EB492-67B6-4035-B58E-9DB399564B4F}.Release|Any CPU.Build.0 = Release|Any CPU
		{B45EB492-67B6-4035-B58E-9DB399564B4F}.Release|x86.ActiveCfg = Release|Any CPU
		{B45EB492-67B6-4035-B58E-9DB399564B4F}.Release|x86.Build.0 = Release|Any CPU
		{B50ABB8D-4AFC-4C7F-A8F3-B195038972BD}.Debug|Any CPU.ActiveCfg = Debug|Any CPU
		{B50ABB8D-4AFC-4C7F-A8F3-B195038972BD}.Debug|Any CPU.Build.0 = Debug|Any CPU
		{B50ABB8D-4AFC-4C7F-A8F3-B195038972BD}.Debug|x86.ActiveCfg = Debug|x86
		{B50ABB8D-4AFC-4C7F-A8F3-B195038972BD}.Debug|x86.Build.0 = Debug|x86
		{B50ABB8D-4AFC-4C7F-A8F3-B195038972BD}.Release|Any CPU.ActiveCfg = Release|Any CPU
		{B50ABB8D-4AFC-4C7F-A8F3-B195038972BD}.Release|Any CPU.Build.0 = Release|Any CPU
		{B50ABB8D-4AFC-4C7F-A8F3-B195038972BD}.Release|x86.ActiveCfg = Release|x86
		{B50ABB8D-4AFC-4C7F-A8F3-B195038972BD}.Release|x86.Build.0 = Release|x86
		{DBB3B6C3-5439-4F14-9640-1ED51DA56C6E}.Debug|Any CPU.ActiveCfg = Debug|Any CPU
		{DBB3B6C3-5439-4F14-9640-1ED51DA56C6E}.Debug|Any CPU.Build.0 = Debug|Any CPU
		{DBB3B6C3-5439-4F14-9640-1ED51DA56C6E}.Debug|x86.ActiveCfg = Debug|Any CPU
		{DBB3B6C3-5439-4F14-9640-1ED51DA56C6E}.Debug|x86.Build.0 = Debug|Any CPU
		{DBB3B6C3-5439-4F14-9640-1ED51DA56C6E}.Release|Any CPU.ActiveCfg = Release|Any CPU
		{DBB3B6C3-5439-4F14-9640-1ED51DA56C6E}.Release|Any CPU.Build.0 = Release|Any CPU
		{DBB3B6C3-5439-4F14-9640-1ED51DA56C6E}.Release|x86.ActiveCfg = Release|Any CPU
		{DBB3B6C3-5439-4F14-9640-1ED51DA56C6E}.Release|x86.Build.0 = Release|Any CPU
	EndGlobalSection
	GlobalSection(SolutionProperties) = preSolution
		HideSolutionNode = FALSE
	EndGlobalSection
	GlobalSection(NestedProjects) = preSolution
		{AB8B448C-DD74-4D60-A041-3E5D03A32180} = {A9DCF38E-FE41-466C-995A-04C8977F4E22}
		{807B239A-E4F8-4F96-8A2C-04C30269EBF7} = {A9DCF38E-FE41-466C-995A-04C8977F4E22}
		{9AC79B70-F62D-4298-9DA7-DAD21314FF93} = {A9DCF38E-FE41-466C-995A-04C8977F4E22}
		{41C4E381-B983-452B-8DA1-B97864B9BE8C} = {A9DCF38E-FE41-466C-995A-04C8977F4E22}
		{0BBF25BD-546B-4529-98F8-B8A6B463627C} = {80F834C8-733B-45E7-A94E-108FC4E22AB7}
		{D0AE386A-AE82-478E-ACD6-D2EF805FBE24} = {A9DCF38E-FE41-466C-995A-04C8977F4E22}
		{1C6AA4EF-4A3E-460E-A10C-926923C4095E} = {A9DCF38E-FE41-466C-995A-04C8977F4E22}
		{C2FF45A3-2EDF-4B72-A67A-ECBED63AEE6C} = {A9DCF38E-FE41-466C-995A-04C8977F4E22}
		{651EB244-3EFA-487C-8D6B-60B7DC189501} = {A9DCF38E-FE41-466C-995A-04C8977F4E22}
		{B3CB8908-AE3F-49C6-80AF-A778E3CCB4A5} = {A9DCF38E-FE41-466C-995A-04C8977F4E22}
		{8815839B-D705-4598-9487-01C7B9184714} = {A9DCF38E-FE41-466C-995A-04C8977F4E22}
		{EDB0459A-B041-4ACA-A186-39859713F5C2} = {A9DCF38E-FE41-466C-995A-04C8977F4E22}
		{FC529E27-E6EC-4B24-ABC6-0074806FD022} = {A9DCF38E-FE41-466C-995A-04C8977F4E22}
		{13405AD8-FDE4-4104-800D-CD5D874E839D} = {A9DCF38E-FE41-466C-995A-04C8977F4E22}
		{FA454A1A-E626-4883-86C8-DC07D61F754A} = {A9DCF38E-FE41-466C-995A-04C8977F4E22}
		{995DACE5-2249-42C8-9171-D7ACC24B33D7} = {A9DCF38E-FE41-466C-995A-04C8977F4E22}
		{945BB4AA-CCD4-4667-8221-88888E9FFF09} = {A9DCF38E-FE41-466C-995A-04C8977F4E22}
		{040F7ED6-E948-4AC8-B1C9-F524F9406D77} = {A9DCF38E-FE41-466C-995A-04C8977F4E22}
		{0EF2F66C-E278-41FE-8422-5AF8A42A79BE} = {A9DCF38E-FE41-466C-995A-04C8977F4E22}
		{4F668915-1E04-444B-8778-1B879A6CC23E} = {A9DCF38E-FE41-466C-995A-04C8977F4E22}
		{26ECBDAF-7CAC-4823-BEBC-A6F86762B539} = {A9DCF38E-FE41-466C-995A-04C8977F4E22}
	EndGlobalSection
	GlobalSection(ExtensibilityGlobals) = postSolution
		RESX_AutoCreateNewLanguageFiles = True
		SolutionGuid = {7E95972C-ED7C-4F3B-9AF5-32CB9DC83188}
		RESX_NeutralResourcesLanguage = da-DK
	EndGlobalSection
EndGlobal
